
Microsoft Visual Studio Solution File, Format Version 12.00
Project("{FAE04EC0-301F-11D3-BF4B-00C04F79EFBC}") = "Linq", "Linq\Linq.csproj", "{7D508570-586C-4B4F-83BD-7CF8E94B79B6}"
EndProject
Project("{FAE04EC0-301F-11D3-BF4B-00C04F79EFBC}") = "WebApi", "WebApi\WebApi.csproj", "{066BF045-A8D3-4C22-B7A0-C9B8E2B45975}"
EndProject
Global
	GlobalSection(SolutionConfigurationPlatforms) = preSolution
		Debug|Any CPU = Debug|Any CPU
		Release|Any CPU = Release|Any CPU
	EndGlobalSection
	GlobalSection(ProjectConfigurationPlatforms) = postSolution
		{7D508570-586C-4B4F-83BD-7CF8E94B79B6}.Debug|Any CPU.ActiveCfg = Debug|Any CPU
		{7D508570-586C-4B4F-83BD-7CF8E94B79B6}.Debug|Any CPU.Build.0 = Debug|Any CPU
		{7D508570-586C-4B4F-83BD-7CF8E94B79B6}.Release|Any CPU.ActiveCfg = Release|Any CPU
		{7D508570-586C-4B4F-83BD-7CF8E94B79B6}.Release|Any CPU.Build.0 = Release|Any CPU
		{066BF045-A8D3-4C22-B7A0-C9B8E2B45975}.Debug|Any CPU.ActiveCfg = Debug|Any CPU
		{066BF045-A8D3-4C22-B7A0-C9B8E2B45975}.Debug|Any CPU.Build.0 = Debug|Any CPU
		{066BF045-A8D3-4C22-B7A0-C9B8E2B45975}.Release|Any CPU.ActiveCfg = Release|Any CPU
		{066BF045-A8D3-4C22-B7A0-C9B8E2B45975}.Release|Any CPU.Build.0 = Release|Any CPU
	EndGlobalSection
EndGlobal
