
Microsoft Visual Studio Solution File, Format Version 12.00
Project("{FAE04EC0-301F-11D3-BF4B-00C04F79EFBC}") = "WebApi", "WebApi\WebApi.csproj", "{066BF045-A8D3-4C22-B7A0-C9B8E2B45975}"
EndProject
Project("{FAE04EC0-301F-11D3-BF4B-00C04F79EFBC}") = "DataAccessLayer", "DataAccessLayer\DataAccessLayer.csproj", "{7483C819-82CE-4BDE-91D3-DE132DF35FE6}"
EndProject
Project("{FAE04EC0-301F-11D3-BF4B-00C04F79EFBC}") = "DataContracts", "DataContracts\DataContracts.csproj", "{3C9F9A1B-7721-4C03-9600-F40C29122520}"
EndProject
Project("{FAE04EC0-301F-11D3-BF4B-00C04F79EFBC}") = "DataAccessLayer.ORM", "DataAccessLayer.ORM\DataAccessLayer.ORM.csproj", "{63821755-6C20-4839-98C6-5785EC333F8D}"
EndProject
Project("{2150E333-8FDC-42A3-9474-1A3956D46DE8}") = "Console", "Console", "{D1D37B84-7E31-47FC-A52C-B2C97BB9848E}"
EndProject
Project("{FAE04EC0-301F-11D3-BF4B-00C04F79EFBC}") = "GcDemo", "Console\GcDemo\GcDemo.csproj", "{6E1E13AF-C371-4DFF-8885-87789B3DD04E}"
EndProject
Global
	GlobalSection(SolutionConfigurationPlatforms) = preSolution
		Debug|Any CPU = Debug|Any CPU
		Release|Any CPU = Release|Any CPU
	EndGlobalSection
	GlobalSection(ProjectConfigurationPlatforms) = postSolution
		{066BF045-A8D3-4C22-B7A0-C9B8E2B45975}.Debug|Any CPU.ActiveCfg = Debug|Any CPU
		{066BF045-A8D3-4C22-B7A0-C9B8E2B45975}.Debug|Any CPU.Build.0 = Debug|Any CPU
		{066BF045-A8D3-4C22-B7A0-C9B8E2B45975}.Release|Any CPU.ActiveCfg = Release|Any CPU
		{066BF045-A8D3-4C22-B7A0-C9B8E2B45975}.Release|Any CPU.Build.0 = Release|Any CPU
		{7483C819-82CE-4BDE-91D3-DE132DF35FE6}.Debug|Any CPU.ActiveCfg = Debug|Any CPU
		{7483C819-82CE-4BDE-91D3-DE132DF35FE6}.Debug|Any CPU.Build.0 = Debug|Any CPU
		{7483C819-82CE-4BDE-91D3-DE132DF35FE6}.Release|Any CPU.ActiveCfg = Release|Any CPU
		{7483C819-82CE-4BDE-91D3-DE132DF35FE6}.Release|Any CPU.Build.0 = Release|Any CPU
		{3C9F9A1B-7721-4C03-9600-F40C29122520}.Debug|Any CPU.ActiveCfg = Debug|Any CPU
		{3C9F9A1B-7721-4C03-9600-F40C29122520}.Debug|Any CPU.Build.0 = Debug|Any CPU
		{3C9F9A1B-7721-4C03-9600-F40C29122520}.Release|Any CPU.ActiveCfg = Release|Any CPU
		{3C9F9A1B-7721-4C03-9600-F40C29122520}.Release|Any CPU.Build.0 = Release|Any CPU
		{63821755-6C20-4839-98C6-5785EC333F8D}.Debug|Any CPU.ActiveCfg = Debug|Any CPU
		{63821755-6C20-4839-98C6-5785EC333F8D}.Debug|Any CPU.Build.0 = Debug|Any CPU
		{63821755-6C20-4839-98C6-5785EC333F8D}.Release|Any CPU.ActiveCfg = Release|Any CPU
		{63821755-6C20-4839-98C6-5785EC333F8D}.Release|Any CPU.Build.0 = Release|Any CPU
		{6E1E13AF-C371-4DFF-8885-87789B3DD04E}.Debug|Any CPU.ActiveCfg = Debug|Any CPU
		{6E1E13AF-C371-4DFF-8885-87789B3DD04E}.Debug|Any CPU.Build.0 = Debug|Any CPU
		{6E1E13AF-C371-4DFF-8885-87789B3DD04E}.Release|Any CPU.ActiveCfg = Release|Any CPU
		{6E1E13AF-C371-4DFF-8885-87789B3DD04E}.Release|Any CPU.Build.0 = Release|Any CPU
	EndGlobalSection
	GlobalSection(NestedProjects) = preSolution
		{6E1E13AF-C371-4DFF-8885-87789B3DD04E} = {D1D37B84-7E31-47FC-A52C-B2C97BB9848E}
	EndGlobalSection
EndGlobal
